
Microsoft Visual Studio Solution File, Format Version 12.00
# Visual Studio Version 17
VisualStudioVersion = 17.3.32929.385
MinimumVisualStudioVersion = 10.0.40219.1
Project("{9A19103F-16F7-4668-BE54-9A1E7A4F7556}") = "Stage0", "Stage0\Stage0.csproj", "{B4AD7634-37EB-41BC-AD5F-865A3ECEDCA6}"
EndProject
Project("{9A19103F-16F7-4668-BE54-9A1E7A4F7556}") = "DalFacade", "DalFacade\DalFacade.csproj", "{56F96E84-89CF-440B-AAF2-5605FBE79F0E}"
EndProject
Project("{9A19103F-16F7-4668-BE54-9A1E7A4F7556}") = "DalList", "DalList\DalList.csproj", "{CDA3E7E0-8B01-4E6E-9080-C19BFF895618}"
EndProject
Project("{9A19103F-16F7-4668-BE54-9A1E7A4F7556}") = "DalTest", "DalTest\DalTest.csproj", "{212B0946-B889-4E55-8883-98D5092E38C8}"
EndProject
Project("{2150E333-8FDC-42A3-9474-1A3956D46DE8}") = "Stage1", "Stage1", "{E667E011-3597-4FC5-AB03-F7D06C632D44}"
EndProject
Project("{9A19103F-16F7-4668-BE54-9A1E7A4F7556}") = "BL", "BL\BL.csproj", "{1D76B94D-3C34-4AFA-996A-889DAA1F64B0}"
EndProject
Project("{9A19103F-16F7-4668-BE54-9A1E7A4F7556}") = "BLTest", "BLTest\BLTest.csproj", "{54C33061-EF40-40A8-B7E9-484EF536D548}"
EndProject
Project("{9A19103F-16F7-4668-BE54-9A1E7A4F7556}") = "PL", "PL\PL.csproj", "{D3135472-44BB-4195-AB04-B1D591746485}"
EndProject
Project("{2150E333-8FDC-42A3-9474-1A3956D46DE8}") = "xml", "xml", "{BC126773-3964-4244-9096-9C699E2764B8}"
	ProjectSection(SolutionItems) = preProject
		xml\dal-config.xml = xml\dal-config.xml
	EndProjectSection
EndProject
Global
	GlobalSection(SolutionConfigurationPlatforms) = preSolution
		Debug|Any CPU = Debug|Any CPU
		Release|Any CPU = Release|Any CPU
	EndGlobalSection
	GlobalSection(ProjectConfigurationPlatforms) = postSolution
		{B4AD7634-37EB-41BC-AD5F-865A3ECEDCA6}.Debug|Any CPU.ActiveCfg = Debug|Any CPU
		{B4AD7634-37EB-41BC-AD5F-865A3ECEDCA6}.Debug|Any CPU.Build.0 = Debug|Any CPU
		{B4AD7634-37EB-41BC-AD5F-865A3ECEDCA6}.Release|Any CPU.ActiveCfg = Release|Any CPU
		{B4AD7634-37EB-41BC-AD5F-865A3ECEDCA6}.Release|Any CPU.Build.0 = Release|Any CPU
		{56F96E84-89CF-440B-AAF2-5605FBE79F0E}.Debug|Any CPU.ActiveCfg = Debug|Any CPU
		{56F96E84-89CF-440B-AAF2-5605FBE79F0E}.Debug|Any CPU.Build.0 = Debug|Any CPU
		{56F96E84-89CF-440B-AAF2-5605FBE79F0E}.Release|Any CPU.ActiveCfg = Release|Any CPU
		{56F96E84-89CF-440B-AAF2-5605FBE79F0E}.Release|Any CPU.Build.0 = Release|Any CPU
		{CDA3E7E0-8B01-4E6E-9080-C19BFF895618}.Debug|Any CPU.ActiveCfg = Debug|Any CPU
		{CDA3E7E0-8B01-4E6E-9080-C19BFF895618}.Debug|Any CPU.Build.0 = Debug|Any CPU
		{CDA3E7E0-8B01-4E6E-9080-C19BFF895618}.Release|Any CPU.ActiveCfg = Release|Any CPU
		{CDA3E7E0-8B01-4E6E-9080-C19BFF895618}.Release|Any CPU.Build.0 = Release|Any CPU
		{212B0946-B889-4E55-8883-98D5092E38C8}.Debug|Any CPU.ActiveCfg = Debug|Any CPU
		{212B0946-B889-4E55-8883-98D5092E38C8}.Debug|Any CPU.Build.0 = Debug|Any CPU
		{212B0946-B889-4E55-8883-98D5092E38C8}.Release|Any CPU.ActiveCfg = Release|Any CPU
		{212B0946-B889-4E55-8883-98D5092E38C8}.Release|Any CPU.Build.0 = Release|Any CPU
		{1D76B94D-3C34-4AFA-996A-889DAA1F64B0}.Debug|Any CPU.ActiveCfg = Debug|Any CPU
		{1D76B94D-3C34-4AFA-996A-889DAA1F64B0}.Debug|Any CPU.Build.0 = Debug|Any CPU
		{1D76B94D-3C34-4AFA-996A-889DAA1F64B0}.Release|Any CPU.ActiveCfg = Release|Any CPU
		{1D76B94D-3C34-4AFA-996A-889DAA1F64B0}.Release|Any CPU.Build.0 = Release|Any CPU
		{54C33061-EF40-40A8-B7E9-484EF536D548}.Debug|Any CPU.ActiveCfg = Debug|Any CPU
		{54C33061-EF40-40A8-B7E9-484EF536D548}.Debug|Any CPU.Build.0 = Debug|Any CPU
		{54C33061-EF40-40A8-B7E9-484EF536D548}.Release|Any CPU.ActiveCfg = Release|Any CPU
		{54C33061-EF40-40A8-B7E9-484EF536D548}.Release|Any CPU.Build.0 = Release|Any CPU
		{D3135472-44BB-4195-AB04-B1D591746485}.Debug|Any CPU.ActiveCfg = Debug|Any CPU
		{D3135472-44BB-4195-AB04-B1D591746485}.Debug|Any CPU.Build.0 = Debug|Any CPU
		{D3135472-44BB-4195-AB04-B1D591746485}.Release|Any CPU.ActiveCfg = Release|Any CPU
		{D3135472-44BB-4195-AB04-B1D591746485}.Release|Any CPU.Build.0 = Release|Any CPU
	EndGlobalSection
	GlobalSection(SolutionProperties) = preSolution
		HideSolutionNode = FALSE
	EndGlobalSection
	GlobalSection(NestedProjects) = preSolution
		{56F96E84-89CF-440B-AAF2-5605FBE79F0E} = {E667E011-3597-4FC5-AB03-F7D06C632D44}
		{CDA3E7E0-8B01-4E6E-9080-C19BFF895618} = {E667E011-3597-4FC5-AB03-F7D06C632D44}
		{212B0946-B889-4E55-8883-98D5092E38C8} = {E667E011-3597-4FC5-AB03-F7D06C632D44}
		{1D76B94D-3C34-4AFA-996A-889DAA1F64B0} = {E667E011-3597-4FC5-AB03-F7D06C632D44}
		{54C33061-EF40-40A8-B7E9-484EF536D548} = {E667E011-3597-4FC5-AB03-F7D06C632D44}
		{D3135472-44BB-4195-AB04-B1D591746485} = {E667E011-3597-4FC5-AB03-F7D06C632D44}
	EndGlobalSection
	GlobalSection(ExtensibilityGlobals) = postSolution
		SolutionGuid = {AECA46A9-022A-4E0E-8EC6-1F9562FEFECF}
	EndGlobalSection
EndGlobal
